
Microsoft Visual Studio Solution File, Format Version 12.00
# Visual Studio Version 16
VisualStudioVersion = 16.0.32428.217
MinimumVisualStudioVersion = 10.0.40219.1
Project("{8BC9CEB8-8B4A-11D0-8D11-00A0C91BC942}") = "332.重新安排行程", "Test\Test.vcxproj", "{3E218ABE-32AE-4E23-8A87-5FB1D9A8A75E}"
EndProject
Project("{8BC9CEB8-8B4A-11D0-8D11-00A0C91BC942}") = "37.解数独", "37.解数独\37.解数独.vcxproj", "{4154903F-65F7-42AF-8F26-85D0C86FA7B7}"
EndProject
Project("{8BC9CEB8-8B4A-11D0-8D11-00A0C91BC942}") = "1049.最后一块石头II", "1049.最后一块石头II\1049.最后一块石头II.vcxproj", "{D321182B-0D28-486A-8DD4-44FA22421C71}"
EndProject
Project("{8BC9CEB8-8B4A-11D0-8D11-00A0C91BC942}") = "56.合并区间", "56.合并区间\56.合并区间.vcxproj", "{DCEC3B2D-E7E8-48B6-929B-FBBD30E0FEB7}"
EndProject
Project("{8BC9CEB8-8B4A-11D0-8D11-00A0C91BC942}") = "739.每日温度", "739.每日温度\739.每日温度.vcxproj", "{FB76B6B9-B8C8-43FA-87CE-E8A38AAC0BD1}"
EndProject
Global
	GlobalSection(SolutionConfigurationPlatforms) = preSolution
		Debug|x64 = Debug|x64
		Debug|x86 = Debug|x86
		Release|x64 = Release|x64
		Release|x86 = Release|x86
	EndGlobalSection
	GlobalSection(ProjectConfigurationPlatforms) = postSolution
		{3E218ABE-32AE-4E23-8A87-5FB1D9A8A75E}.Debug|x64.ActiveCfg = Debug|x64
		{3E218ABE-32AE-4E23-8A87-5FB1D9A8A75E}.Debug|x64.Build.0 = Debug|x64
		{3E218ABE-32AE-4E23-8A87-5FB1D9A8A75E}.Debug|x86.ActiveCfg = Debug|Win32
		{3E218ABE-32AE-4E23-8A87-5FB1D9A8A75E}.Debug|x86.Build.0 = Debug|Win32
		{3E218ABE-32AE-4E23-8A87-5FB1D9A8A75E}.Release|x64.ActiveCfg = Release|x64
		{3E218ABE-32AE-4E23-8A87-5FB1D9A8A75E}.Release|x64.Build.0 = Release|x64
		{3E218ABE-32AE-4E23-8A87-5FB1D9A8A75E}.Release|x86.ActiveCfg = Release|Win32
		{3E218ABE-32AE-4E23-8A87-5FB1D9A8A75E}.Release|x86.Build.0 = Release|Win32
		{4154903F-65F7-42AF-8F26-85D0C86FA7B7}.Debug|x64.ActiveCfg = Debug|x64
		{4154903F-65F7-42AF-8F26-85D0C86FA7B7}.Debug|x64.Build.0 = Debug|x64
		{4154903F-65F7-42AF-8F26-85D0C86FA7B7}.Debug|x86.ActiveCfg = Debug|Win32
		{4154903F-65F7-42AF-8F26-85D0C86FA7B7}.Debug|x86.Build.0 = Debug|Win32
		{4154903F-65F7-42AF-8F26-85D0C86FA7B7}.Release|x64.ActiveCfg = Release|x64
		{4154903F-65F7-42AF-8F26-85D0C86FA7B7}.Release|x64.Build.0 = Release|x64
		{4154903F-65F7-42AF-8F26-85D0C86FA7B7}.Release|x86.ActiveCfg = Release|Win32
		{4154903F-65F7-42AF-8F26-85D0C86FA7B7}.Release|x86.Build.0 = Release|Win32
		{D321182B-0D28-486A-8DD4-44FA22421C71}.Debug|x64.ActiveCfg = Debug|x64
		{D321182B-0D28-486A-8DD4-44FA22421C71}.Debug|x64.Build.0 = Debug|x64
		{D321182B-0D28-486A-8DD4-44FA22421C71}.Debug|x86.ActiveCfg = Debug|Win32
		{D321182B-0D28-486A-8DD4-44FA22421C71}.Debug|x86.Build.0 = Debug|Win32
		{D321182B-0D28-486A-8DD4-44FA22421C71}.Release|x64.ActiveCfg = Release|x64
		{D321182B-0D28-486A-8DD4-44FA22421C71}.Release|x64.Build.0 = Release|x64
		{D321182B-0D28-486A-8DD4-44FA22421C71}.Release|x86.ActiveCfg = Release|Win32
		{D321182B-0D28-486A-8DD4-44FA22421C71}.Release|x86.Build.0 = Release|Win32
		{DCEC3B2D-E7E8-48B6-929B-FBBD30E0FEB7}.Debug|x64.ActiveCfg = Debug|x64
		{DCEC3B2D-E7E8-48B6-929B-FBBD30E0FEB7}.Debug|x64.Build.0 = Debug|x64
		{DCEC3B2D-E7E8-48B6-929B-FBBD30E0FEB7}.Debug|x86.ActiveCfg = Debug|Win32
		{DCEC3B2D-E7E8-48B6-929B-FBBD30E0FEB7}.Debug|x86.Build.0 = Debug|Win32
		{DCEC3B2D-E7E8-48B6-929B-FBBD30E0FEB7}.Release|x64.ActiveCfg = Release|x64
		{DCEC3B2D-E7E8-48B6-929B-FBBD30E0FEB7}.Release|x64.Build.0 = Release|x64
		{DCEC3B2D-E7E8-48B6-929B-FBBD30E0FEB7}.Release|x86.ActiveCfg = Release|Win32
		{DCEC3B2D-E7E8-48B6-929B-FBBD30E0FEB7}.Release|x86.Build.0 = Release|Win32
		{FB76B6B9-B8C8-43FA-87CE-E8A38AAC0BD1}.Debug|x64.ActiveCfg = Debug|x64
		{FB76B6B9-B8C8-43FA-87CE-E8A38AAC0BD1}.Debug|x64.Build.0 = Debug|x64
		{FB76B6B9-B8C8-43FA-87CE-E8A38AAC0BD1}.Debug|x86.ActiveCfg = Debug|Win32
		{FB76B6B9-B8C8-43FA-87CE-E8A38AAC0BD1}.Debug|x86.Build.0 = Debug|Win32
		{FB76B6B9-B8C8-43FA-87CE-E8A38AAC0BD1}.Release|x64.ActiveCfg = Release|x64
		{FB76B6B9-B8C8-43FA-87CE-E8A38AAC0BD1}.Release|x64.Build.0 = Release|x64
		{FB76B6B9-B8C8-43FA-87CE-E8A38AAC0BD1}.Release|x86.ActiveCfg = Release|Win32
		{FB76B6B9-B8C8-43FA-87CE-E8A38AAC0BD1}.Release|x86.Build.0 = Release|Win32
	EndGlobalSection
	GlobalSection(SolutionProperties) = preSolution
		HideSolutionNode = FALSE
	EndGlobalSection
	GlobalSection(ExtensibilityGlobals) = postSolution
		SolutionGuid = {006172E5-E8DE-48C1-BD76-94EDC066340A}
	EndGlobalSection
EndGlobal
