
Microsoft Visual Studio Solution File, Format Version 12.00
# Visual Studio Version 17
VisualStudioVersion = 17.0.31919.166
MinimumVisualStudioVersion = 10.0.40219.1
Project("{8BC9CEB8-8B4A-11D0-8D11-00A0C91BC942}") = "01 模板", "01 模板\01 模板\01 模板.vcxproj", "{452567EE-C15A-4328-BD70-7B3D7AEBE3CE}"
EndProject
Project("{8BC9CEB8-8B4A-11D0-8D11-00A0C91BC942}") = "02 函数模板和普通函数的区别_函数模板调用规则", "02 函数模板和普通函数的区别_函数模板调用规则\02 函数模板和普通函数的区别_函数模板调用规则\02 函数模板和普通函数的区别_函数模板调用规则.vcxproj", "{82F891E3-A31D-4AD4-96FC-CE97943AF82F}"
EndProject
Project("{8BC9CEB8-8B4A-11D0-8D11-00A0C91BC942}") = "06 类模板", "06 类模板\06 类模板.vcxproj", "{FF9DF285-99CD-4AD5-8487-0A89632E5FC6}"
EndProject
Project("{8BC9CEB8-8B4A-11D0-8D11-00A0C91BC942}") = "07 函数模板案例_char和int类型数组排序", "07 函数模板案例_char和int类型数组排序\07 函数模板案例_char和int类型数组排序.vcxproj", "{F10E8914-C4A9-42BB-91DD-E7B7BADF8125}"
EndProject
Project("{8BC9CEB8-8B4A-11D0-8D11-00A0C91BC942}") = "08 类模板派生类模板", "08 类模板派生类模板\08 类模板派生类模板.vcxproj", "{ECA8C750-9344-4092-BE30-DE3277671EE9}"
EndProject
Project("{8BC9CEB8-8B4A-11D0-8D11-00A0C91BC942}") = "08 类模板派生普通类", "08 类模板派生普通类_类模板派生类模板\08 类模板派生普通类_类模板派生类模板.vcxproj", "{2E512B9E-E13B-4C27-9198-F2E4350E6AB0}"
EndProject
Project("{8BC9CEB8-8B4A-11D0-8D11-00A0C91BC942}") = "10 类模板类内实现", "10 类模板类内实现\10 类模板类内实现.vcxproj", "{4F6D7751-D031-4AD6-AA6C-5019DEBF4AC8}"
EndProject
Project("{8BC9CEB8-8B4A-11D0-8D11-00A0C91BC942}") = "12 类模板类外实现", "12 类模板类外实现\12 类模板类外实现.vcxproj", "{6FF4FB29-FC12-414A-9D11-CE9DEB22F6BF}"
EndProject
Project("{8BC9CEB8-8B4A-11D0-8D11-00A0C91BC942}") = "17 MyArray", "17 MyArray\17 MyArray.vcxproj", "{E29EFDB9-083C-4E34-9066-1AA34DA2E58E}"
EndProject
Project("{8BC9CEB8-8B4A-11D0-8D11-00A0C91BC942}") = "19-21 类型转换", "19 类型转换\19 类型转换.vcxproj", "{983D73F3-043C-467D-84A2-DD9C107A5CF7}"
EndProject
Project("{8BC9CEB8-8B4A-11D0-8D11-00A0C91BC942}") = "23 异常基本语法", "23 异常基本语法\23 异常基本语法.vcxproj", "{0103C594-F4F8-45F8-BA97-CEFA9843BA89}"
EndProject
Project("{8BC9CEB8-8B4A-11D0-8D11-00A0C91BC942}") = "25 栈解旋", "25 栈解旋\25 栈解旋.vcxproj", "{29512B3E-6B8E-495B-B22A-3859B40E8E11}"
EndProject
Project("{8BC9CEB8-8B4A-11D0-8D11-00A0C91BC942}") = "26 异常接口声明", "26 异常接口声明\26 异常接口声明.vcxproj", "{56E36E75-DBEA-47B0-88FE-8F27198A0BD6}"
EndProject
Project("{8BC9CEB8-8B4A-11D0-8D11-00A0C91BC942}") = "27 异常类型", "27 异常类型\27 异常类型.vcxproj", "{98AD3132-EA68-4B72-9F51-8584478A09E3}"
EndProject
Project("{8BC9CEB8-8B4A-11D0-8D11-00A0C91BC942}") = "28 异常对象的生命周期", "28 异常对象的生命周期\28 异常对象的生命周期.vcxproj", "{2AAEC557-57A3-4463-95CD-E2AFF3B8A3AE}"
EndProject
Project("{8BC9CEB8-8B4A-11D0-8D11-00A0C91BC942}") = "29 编写自己的异常类", "29 编写自己的异常类\29 编写自己的异常类.vcxproj", "{E84A2A4E-12EE-47D6-8129-B45E5201A68F}"
EndProject
Project("{8BC9CEB8-8B4A-11D0-8D11-00A0C91BC942}") = "30 继承在异常中的应用", "30 继承在异常中的应用\30 继承在异常中的应用.vcxproj", "{88BE1655-EDFC-4EF6-8ABA-006B57382DB1}"
EndProject
Global
	GlobalSection(SolutionConfigurationPlatforms) = preSolution
		Debug|x64 = Debug|x64
		Debug|x86 = Debug|x86
		Release|x64 = Release|x64
		Release|x86 = Release|x86
	EndGlobalSection
	GlobalSection(ProjectConfigurationPlatforms) = postSolution
		{452567EE-C15A-4328-BD70-7B3D7AEBE3CE}.Debug|x64.ActiveCfg = Debug|x64
		{452567EE-C15A-4328-BD70-7B3D7AEBE3CE}.Debug|x64.Build.0 = Debug|x64
		{452567EE-C15A-4328-BD70-7B3D7AEBE3CE}.Debug|x86.ActiveCfg = Debug|Win32
		{452567EE-C15A-4328-BD70-7B3D7AEBE3CE}.Debug|x86.Build.0 = Debug|Win32
		{452567EE-C15A-4328-BD70-7B3D7AEBE3CE}.Release|x64.ActiveCfg = Release|x64
		{452567EE-C15A-4328-BD70-7B3D7AEBE3CE}.Release|x64.Build.0 = Release|x64
		{452567EE-C15A-4328-BD70-7B3D7AEBE3CE}.Release|x86.ActiveCfg = Release|Win32
		{452567EE-C15A-4328-BD70-7B3D7AEBE3CE}.Release|x86.Build.0 = Release|Win32
		{82F891E3-A31D-4AD4-96FC-CE97943AF82F}.Debug|x64.ActiveCfg = Debug|x64
		{82F891E3-A31D-4AD4-96FC-CE97943AF82F}.Debug|x64.Build.0 = Debug|x64
		{82F891E3-A31D-4AD4-96FC-CE97943AF82F}.Debug|x86.ActiveCfg = Debug|Win32
		{82F891E3-A31D-4AD4-96FC-CE97943AF82F}.Debug|x86.Build.0 = Debug|Win32
		{82F891E3-A31D-4AD4-96FC-CE97943AF82F}.Release|x64.ActiveCfg = Release|x64
		{82F891E3-A31D-4AD4-96FC-CE97943AF82F}.Release|x64.Build.0 = Release|x64
		{82F891E3-A31D-4AD4-96FC-CE97943AF82F}.Release|x86.ActiveCfg = Release|Win32
		{82F891E3-A31D-4AD4-96FC-CE97943AF82F}.Release|x86.Build.0 = Release|Win32
		{FF9DF285-99CD-4AD5-8487-0A89632E5FC6}.Debug|x64.ActiveCfg = Debug|x64
		{FF9DF285-99CD-4AD5-8487-0A89632E5FC6}.Debug|x64.Build.0 = Debug|x64
		{FF9DF285-99CD-4AD5-8487-0A89632E5FC6}.Debug|x86.ActiveCfg = Debug|Win32
		{FF9DF285-99CD-4AD5-8487-0A89632E5FC6}.Debug|x86.Build.0 = Debug|Win32
		{FF9DF285-99CD-4AD5-8487-0A89632E5FC6}.Release|x64.ActiveCfg = Release|x64
		{FF9DF285-99CD-4AD5-8487-0A89632E5FC6}.Release|x64.Build.0 = Release|x64
		{FF9DF285-99CD-4AD5-8487-0A89632E5FC6}.Release|x86.ActiveCfg = Release|Win32
		{FF9DF285-99CD-4AD5-8487-0A89632E5FC6}.Release|x86.Build.0 = Release|Win32
		{F10E8914-C4A9-42BB-91DD-E7B7BADF8125}.Debug|x64.ActiveCfg = Debug|x64
		{F10E8914-C4A9-42BB-91DD-E7B7BADF8125}.Debug|x64.Build.0 = Debug|x64
		{F10E8914-C4A9-42BB-91DD-E7B7BADF8125}.Debug|x86.ActiveCfg = Debug|Win32
		{F10E8914-C4A9-42BB-91DD-E7B7BADF8125}.Debug|x86.Build.0 = Debug|Win32
		{F10E8914-C4A9-42BB-91DD-E7B7BADF8125}.Release|x64.ActiveCfg = Release|x64
		{F10E8914-C4A9-42BB-91DD-E7B7BADF8125}.Release|x64.Build.0 = Release|x64
		{F10E8914-C4A9-42BB-91DD-E7B7BADF8125}.Release|x86.ActiveCfg = Release|Win32
		{F10E8914-C4A9-42BB-91DD-E7B7BADF8125}.Release|x86.Build.0 = Release|Win32
		{ECA8C750-9344-4092-BE30-DE3277671EE9}.Debug|x64.ActiveCfg = Debug|x64
		{ECA8C750-9344-4092-BE30-DE3277671EE9}.Debug|x64.Build.0 = Debug|x64
		{ECA8C750-9344-4092-BE30-DE3277671EE9}.Debug|x86.ActiveCfg = Debug|Win32
		{ECA8C750-9344-4092-BE30-DE3277671EE9}.Debug|x86.Build.0 = Debug|Win32
		{ECA8C750-9344-4092-BE30-DE3277671EE9}.Release|x64.ActiveCfg = Release|x64
		{ECA8C750-9344-4092-BE30-DE3277671EE9}.Release|x64.Build.0 = Release|x64
		{ECA8C750-9344-4092-BE30-DE3277671EE9}.Release|x86.ActiveCfg = Release|Win32
		{ECA8C750-9344-4092-BE30-DE3277671EE9}.Release|x86.Build.0 = Release|Win32
		{2E512B9E-E13B-4C27-9198-F2E4350E6AB0}.Debug|x64.ActiveCfg = Debug|x64
		{2E512B9E-E13B-4C27-9198-F2E4350E6AB0}.Debug|x64.Build.0 = Debug|x64
		{2E512B9E-E13B-4C27-9198-F2E4350E6AB0}.Debug|x86.ActiveCfg = Debug|Win32
		{2E512B9E-E13B-4C27-9198-F2E4350E6AB0}.Debug|x86.Build.0 = Debug|Win32
		{2E512B9E-E13B-4C27-9198-F2E4350E6AB0}.Release|x64.ActiveCfg = Release|x64
		{2E512B9E-E13B-4C27-9198-F2E4350E6AB0}.Release|x64.Build.0 = Release|x64
		{2E512B9E-E13B-4C27-9198-F2E4350E6AB0}.Release|x86.ActiveCfg = Release|Win32
		{2E512B9E-E13B-4C27-9198-F2E4350E6AB0}.Release|x86.Build.0 = Release|Win32
		{4F6D7751-D031-4AD6-AA6C-5019DEBF4AC8}.Debug|x64.ActiveCfg = Debug|x64
		{4F6D7751-D031-4AD6-AA6C-5019DEBF4AC8}.Debug|x64.Build.0 = Debug|x64
		{4F6D7751-D031-4AD6-AA6C-5019DEBF4AC8}.Debug|x86.ActiveCfg = Debug|Win32
		{4F6D7751-D031-4AD6-AA6C-5019DEBF4AC8}.Debug|x86.Build.0 = Debug|Win32
		{4F6D7751-D031-4AD6-AA6C-5019DEBF4AC8}.Release|x64.ActiveCfg = Release|x64
		{4F6D7751-D031-4AD6-AA6C-5019DEBF4AC8}.Release|x64.Build.0 = Release|x64
		{4F6D7751-D031-4AD6-AA6C-5019DEBF4AC8}.Release|x86.ActiveCfg = Release|Win32
		{4F6D7751-D031-4AD6-AA6C-5019DEBF4AC8}.Release|x86.Build.0 = Release|Win32
		{6FF4FB29-FC12-414A-9D11-CE9DEB22F6BF}.Debug|x64.ActiveCfg = Debug|x64
		{6FF4FB29-FC12-414A-9D11-CE9DEB22F6BF}.Debug|x64.Build.0 = Debug|x64
		{6FF4FB29-FC12-414A-9D11-CE9DEB22F6BF}.Debug|x86.ActiveCfg = Debug|Win32
		{6FF4FB29-FC12-414A-9D11-CE9DEB22F6BF}.Debug|x86.Build.0 = Debug|Win32
		{6FF4FB29-FC12-414A-9D11-CE9DEB22F6BF}.Release|x64.ActiveCfg = Release|x64
		{6FF4FB29-FC12-414A-9D11-CE9DEB22F6BF}.Release|x64.Build.0 = Release|x64
		{6FF4FB29-FC12-414A-9D11-CE9DEB22F6BF}.Release|x86.ActiveCfg = Release|Win32
		{6FF4FB29-FC12-414A-9D11-CE9DEB22F6BF}.Release|x86.Build.0 = Release|Win32
		{E29EFDB9-083C-4E34-9066-1AA34DA2E58E}.Debug|x64.ActiveCfg = Debug|x64
		{E29EFDB9-083C-4E34-9066-1AA34DA2E58E}.Debug|x64.Build.0 = Debug|x64
		{E29EFDB9-083C-4E34-9066-1AA34DA2E58E}.Debug|x86.ActiveCfg = Debug|Win32
		{E29EFDB9-083C-4E34-9066-1AA34DA2E58E}.Debug|x86.Build.0 = Debug|Win32
		{E29EFDB9-083C-4E34-9066-1AA34DA2E58E}.Release|x64.ActiveCfg = Release|x64
		{E29EFDB9-083C-4E34-9066-1AA34DA2E58E}.Release|x64.Build.0 = Release|x64
		{E29EFDB9-083C-4E34-9066-1AA34DA2E58E}.Release|x86.ActiveCfg = Release|Win32
		{E29EFDB9-083C-4E34-9066-1AA34DA2E58E}.Release|x86.Build.0 = Release|Win32
		{983D73F3-043C-467D-84A2-DD9C107A5CF7}.Debug|x64.ActiveCfg = Debug|x64
		{983D73F3-043C-467D-84A2-DD9C107A5CF7}.Debug|x64.Build.0 = Debug|x64
		{983D73F3-043C-467D-84A2-DD9C107A5CF7}.Debug|x86.ActiveCfg = Debug|Win32
		{983D73F3-043C-467D-84A2-DD9C107A5CF7}.Debug|x86.Build.0 = Debug|Win32
		{983D73F3-043C-467D-84A2-DD9C107A5CF7}.Release|x64.ActiveCfg = Release|x64
		{983D73F3-043C-467D-84A2-DD9C107A5CF7}.Release|x64.Build.0 = Release|x64
		{983D73F3-043C-467D-84A2-DD9C107A5CF7}.Release|x86.ActiveCfg = Release|Win32
		{983D73F3-043C-467D-84A2-DD9C107A5CF7}.Release|x86.Build.0 = Release|Win32
		{0103C594-F4F8-45F8-BA97-CEFA9843BA89}.Debug|x64.ActiveCfg = Debug|x64
		{0103C594-F4F8-45F8-BA97-CEFA9843BA89}.Debug|x64.Build.0 = Debug|x64
		{0103C594-F4F8-45F8-BA97-CEFA9843BA89}.Debug|x86.ActiveCfg = Debug|Win32
		{0103C594-F4F8-45F8-BA97-CEFA9843BA89}.Debug|x86.Build.0 = Debug|Win32
		{0103C594-F4F8-45F8-BA97-CEFA9843BA89}.Release|x64.ActiveCfg = Release|x64
		{0103C594-F4F8-45F8-BA97-CEFA9843BA89}.Release|x64.Build.0 = Release|x64
		{0103C594-F4F8-45F8-BA97-CEFA9843BA89}.Release|x86.ActiveCfg = Release|Win32
		{0103C594-F4F8-45F8-BA97-CEFA9843BA89}.Release|x86.Build.0 = Release|Win32
		{29512B3E-6B8E-495B-B22A-3859B40E8E11}.Debug|x64.ActiveCfg = Debug|x64
		{29512B3E-6B8E-495B-B22A-3859B40E8E11}.Debug|x64.Build.0 = Debug|x64
		{29512B3E-6B8E-495B-B22A-3859B40E8E11}.Debug|x86.ActiveCfg = Debug|Win32
		{29512B3E-6B8E-495B-B22A-3859B40E8E11}.Debug|x86.Build.0 = Debug|Win32
		{29512B3E-6B8E-495B-B22A-3859B40E8E11}.Release|x64.ActiveCfg = Release|x64
		{29512B3E-6B8E-495B-B22A-3859B40E8E11}.Release|x64.Build.0 = Release|x64
		{29512B3E-6B8E-495B-B22A-3859B40E8E11}.Release|x86.ActiveCfg = Release|Win32
		{29512B3E-6B8E-495B-B22A-3859B40E8E11}.Release|x86.Build.0 = Release|Win32
		{56E36E75-DBEA-47B0-88FE-8F27198A0BD6}.Debug|x64.ActiveCfg = Debug|x64
		{56E36E75-DBEA-47B0-88FE-8F27198A0BD6}.Debug|x64.Build.0 = Debug|x64
		{56E36E75-DBEA-47B0-88FE-8F27198A0BD6}.Debug|x86.ActiveCfg = Debug|Win32
		{56E36E75-DBEA-47B0-88FE-8F27198A0BD6}.Debug|x86.Build.0 = Debug|Win32
		{56E36E75-DBEA-47B0-88FE-8F27198A0BD6}.Release|x64.ActiveCfg = Release|x64
		{56E36E75-DBEA-47B0-88FE-8F27198A0BD6}.Release|x64.Build.0 = Release|x64
		{56E36E75-DBEA-47B0-88FE-8F27198A0BD6}.Release|x86.ActiveCfg = Release|Win32
		{56E36E75-DBEA-47B0-88FE-8F27198A0BD6}.Release|x86.Build.0 = Release|Win32
		{98AD3132-EA68-4B72-9F51-8584478A09E3}.Debug|x64.ActiveCfg = Debug|x64
		{98AD3132-EA68-4B72-9F51-8584478A09E3}.Debug|x64.Build.0 = Debug|x64
		{98AD3132-EA68-4B72-9F51-8584478A09E3}.Debug|x86.ActiveCfg = Debug|Win32
		{98AD3132-EA68-4B72-9F51-8584478A09E3}.Debug|x86.Build.0 = Debug|Win32
		{98AD3132-EA68-4B72-9F51-8584478A09E3}.Release|x64.ActiveCfg = Release|x64
		{98AD3132-EA68-4B72-9F51-8584478A09E3}.Release|x64.Build.0 = Release|x64
		{98AD3132-EA68-4B72-9F51-8584478A09E3}.Release|x86.ActiveCfg = Release|Win32
		{98AD3132-EA68-4B72-9F51-8584478A09E3}.Release|x86.Build.0 = Release|Win32
		{2AAEC557-57A3-4463-95CD-E2AFF3B8A3AE}.Debug|x64.ActiveCfg = Debug|x64
		{2AAEC557-57A3-4463-95CD-E2AFF3B8A3AE}.Debug|x64.Build.0 = Debug|x64
		{2AAEC557-57A3-4463-95CD-E2AFF3B8A3AE}.Debug|x86.ActiveCfg = Debug|Win32
		{2AAEC557-57A3-4463-95CD-E2AFF3B8A3AE}.Debug|x86.Build.0 = Debug|Win32
		{2AAEC557-57A3-4463-95CD-E2AFF3B8A3AE}.Release|x64.ActiveCfg = Release|x64
		{2AAEC557-57A3-4463-95CD-E2AFF3B8A3AE}.Release|x64.Build.0 = Release|x64
		{2AAEC557-57A3-4463-95CD-E2AFF3B8A3AE}.Release|x86.ActiveCfg = Release|Win32
		{2AAEC557-57A3-4463-95CD-E2AFF3B8A3AE}.Release|x86.Build.0 = Release|Win32
		{E84A2A4E-12EE-47D6-8129-B45E5201A68F}.Debug|x64.ActiveCfg = Debug|x64
		{E84A2A4E-12EE-47D6-8129-B45E5201A68F}.Debug|x64.Build.0 = Debug|x64
		{E84A2A4E-12EE-47D6-8129-B45E5201A68F}.Debug|x86.ActiveCfg = Debug|Win32
		{E84A2A4E-12EE-47D6-8129-B45E5201A68F}.Debug|x86.Build.0 = Debug|Win32
		{E84A2A4E-12EE-47D6-8129-B45E5201A68F}.Release|x64.ActiveCfg = Release|x64
		{E84A2A4E-12EE-47D6-8129-B45E5201A68F}.Release|x64.Build.0 = Release|x64
		{E84A2A4E-12EE-47D6-8129-B45E5201A68F}.Release|x86.ActiveCfg = Release|Win32
		{E84A2A4E-12EE-47D6-8129-B45E5201A68F}.Release|x86.Build.0 = Release|Win32
		{88BE1655-EDFC-4EF6-8ABA-006B57382DB1}.Debug|x64.ActiveCfg = Debug|x64
		{88BE1655-EDFC-4EF6-8ABA-006B57382DB1}.Debug|x64.Build.0 = Debug|x64
		{88BE1655-EDFC-4EF6-8ABA-006B57382DB1}.Debug|x86.ActiveCfg = Debug|Win32
		{88BE1655-EDFC-4EF6-8ABA-006B57382DB1}.Debug|x86.Build.0 = Debug|Win32
		{88BE1655-EDFC-4EF6-8ABA-006B57382DB1}.Release|x64.ActiveCfg = Release|x64
		{88BE1655-EDFC-4EF6-8ABA-006B57382DB1}.Release|x64.Build.0 = Release|x64
		{88BE1655-EDFC-4EF6-8ABA-006B57382DB1}.Release|x86.ActiveCfg = Release|Win32
		{88BE1655-EDFC-4EF6-8ABA-006B57382DB1}.Release|x86.Build.0 = Release|Win32
	EndGlobalSection
	GlobalSection(SolutionProperties) = preSolution
		HideSolutionNode = FALSE
	EndGlobalSection
	GlobalSection(ExtensibilityGlobals) = postSolution
		SolutionGuid = {900E28DE-AE64-48AD-B152-B15ADF37D085}
	EndGlobalSection
EndGlobal
