
Microsoft Visual Studio Solution File, Format Version 12.00
# Visual Studio Version 16
VisualStudioVersion = 16.0.32428.217
MinimumVisualStudioVersion = 10.0.40219.1
Project("{8BC9CEB8-8B4A-11D0-8D11-00A0C91BC942}") = "01 模板", "01 模板\01 模板\01 模板.vcxproj", "{452567EE-C15A-4328-BD70-7B3D7AEBE3CE}"
EndProject
Project("{8BC9CEB8-8B4A-11D0-8D11-00A0C91BC942}") = "02 函数模板和普通函数的区别_函数模板调用规则", "02 函数模板和普通函数的区别_函数模板调用规则\02 函数模板和普通函数的区别_函数模板调用规则\02 函数模板和普通函数的区别_函数模板调用规则.vcxproj", "{82F891E3-A31D-4AD4-96FC-CE97943AF82F}"
EndProject
Project("{8BC9CEB8-8B4A-11D0-8D11-00A0C91BC942}") = "06 类模板", "06 类模板\06 类模板.vcxproj", "{FF9DF285-99CD-4AD5-8487-0A89632E5FC6}"
EndProject
Project("{8BC9CEB8-8B4A-11D0-8D11-00A0C91BC942}") = "07 函数模板案例_char和int类型数组排序", "07 函数模板案例_char和int类型数组排序\07 函数模板案例_char和int类型数组排序.vcxproj", "{F10E8914-C4A9-42BB-91DD-E7B7BADF8125}"
EndProject
Project("{8BC9CEB8-8B4A-11D0-8D11-00A0C91BC942}") = "08 类模板派生类模板", "08 类模板派生类模板\08 类模板派生类模板.vcxproj", "{ECA8C750-9344-4092-BE30-DE3277671EE9}"
EndProject
Project("{8BC9CEB8-8B4A-11D0-8D11-00A0C91BC942}") = "08 类模板派生普通类", "08 类模板派生普通类_类模板派生类模板\08 类模板派生普通类_类模板派生类模板.vcxproj", "{2E512B9E-E13B-4C27-9198-F2E4350E6AB0}"
EndProject
Project("{8BC9CEB8-8B4A-11D0-8D11-00A0C91BC942}") = "10 类模板类内实现", "10 类模板类内实现\10 类模板类内实现.vcxproj", "{4F6D7751-D031-4AD6-AA6C-5019DEBF4AC8}"
EndProject
Project("{8BC9CEB8-8B4A-11D0-8D11-00A0C91BC942}") = "12 类模板类外实现", "12 类模板类外实现\12 类模板类外实现.vcxproj", "{6FF4FB29-FC12-414A-9D11-CE9DEB22F6BF}"
EndProject
Project("{8BC9CEB8-8B4A-11D0-8D11-00A0C91BC942}") = "17 MyArray", "17 MyArray\17 MyArray.vcxproj", "{E29EFDB9-083C-4E34-9066-1AA34DA2E58E}"
EndProject
Project("{8BC9CEB8-8B4A-11D0-8D11-00A0C91BC942}") = "19-21 类型转换", "19 类型转换\19 类型转换.vcxproj", "{983D73F3-043C-467D-84A2-DD9C107A5CF7}"
EndProject
Project("{8BC9CEB8-8B4A-11D0-8D11-00A0C91BC942}") = "23 异常基本语法", "23 异常基本语法\23 异常基本语法.vcxproj", "{0103C594-F4F8-45F8-BA97-CEFA9843BA89}"
EndProject
Project("{8BC9CEB8-8B4A-11D0-8D11-00A0C91BC942}") = "25 栈解旋", "25 栈解旋\25 栈解旋.vcxproj", "{29512B3E-6B8E-495B-B22A-3859B40E8E11}"
EndProject
Project("{8BC9CEB8-8B4A-11D0-8D11-00A0C91BC942}") = "26 异常接口声明", "26 异常接口声明\26 异常接口声明.vcxproj", "{56E36E75-DBEA-47B0-88FE-8F27198A0BD6}"
EndProject
Project("{8BC9CEB8-8B4A-11D0-8D11-00A0C91BC942}") = "27 异常类型", "27 异常类型\27 异常类型.vcxproj", "{98AD3132-EA68-4B72-9F51-8584478A09E3}"
EndProject
Project("{8BC9CEB8-8B4A-11D0-8D11-00A0C91BC942}") = "28 异常对象的生命周期", "28 异常对象的生命周期\28 异常对象的生命周期.vcxproj", "{2AAEC557-57A3-4463-95CD-E2AFF3B8A3AE}"
EndProject
Project("{8BC9CEB8-8B4A-11D0-8D11-00A0C91BC942}") = "29 编写自己的异常类", "29 编写自己的异常类\29 编写自己的异常类.vcxproj", "{E84A2A4E-12EE-47D6-8129-B45E5201A68F}"
EndProject
Project("{8BC9CEB8-8B4A-11D0-8D11-00A0C91BC942}") = "30 继承在异常中的应用", "30 继承在异常中的应用\30 继承在异常中的应用.vcxproj", "{88BE1655-EDFC-4EF6-8ABA-006B57382DB1}"
EndProject
Project("{8BC9CEB8-8B4A-11D0-8D11-00A0C91BC942}") = "32 C标准输入流", "31 C标准输入流\31 C标准输入流.vcxproj", "{D744A66A-166C-4400-90F1-D019EE783B34}"
EndProject
Project("{8BC9CEB8-8B4A-11D0-8D11-00A0C91BC942}") = "33 标准输出_格式化输出", "33 标准输出_格式化输出\33 标准输出_格式化输出.vcxproj", "{2EA7F433-038F-409C-A1B8-66A8BC598090}"
EndProject
Project("{8BC9CEB8-8B4A-11D0-8D11-00A0C91BC942}") = "34 文本文件操作", "34 文本文件操作\34 文本文件操作.vcxproj", "{2EEDC60C-406C-485B-8F4C-A29930E4942A}"
EndProject
Project("{8BC9CEB8-8B4A-11D0-8D11-00A0C91BC942}") = "37 STL容器算法迭代器分离案例", "STL容器算法迭代器分离案例\STL容器算法迭代器分离案例.vcxproj", "{D7058AB5-1533-44AC-B78E-508F9EE68EF0}"
EndProject
Project("{8BC9CEB8-8B4A-11D0-8D11-00A0C91BC942}") = "38 STL hello world", "38 STL hello world\38 STL hello world.vcxproj", "{54459382-8C96-4B03-8492-36DA195B79AB}"
EndProject
Project("{8BC9CEB8-8B4A-11D0-8D11-00A0C91BC942}") = "41 string容器", "41 string容器\41 string容器.vcxproj", "{2EB1CF95-C851-4289-A5DF-219813C603E4}"
EndProject
Project("{8BC9CEB8-8B4A-11D0-8D11-00A0C91BC942}") = "45 vector容器", "45 vector容器\45 vector容器.vcxproj", "{409B1A0F-DB2A-4A74-BBFD-1B407BFFC171}"
EndProject
Project("{8BC9CEB8-8B4A-11D0-8D11-00A0C91BC942}") = "50 deque容器", "50 deque容器\50 deque容器.vcxproj", "{1DBE455B-5177-43F1-9F99-AD2DC882067C}"
EndProject
Project("{8BC9CEB8-8B4A-11D0-8D11-00A0C91BC942}") = "51 deque打分案例", "51  deque打分案例\51  deque打分案例.vcxproj", "{194CD95D-6D22-4AC8-94AF-514570339DE5}"
EndProject
Project("{8BC9CEB8-8B4A-11D0-8D11-00A0C91BC942}") = "53 stack容器", "53 stack容器\53 stack容器.vcxproj", "{89C1A763-D728-48F8-A5DE-628E90C73ED6}"
EndProject
Project("{8BC9CEB8-8B4A-11D0-8D11-00A0C91BC942}") = "54 queue容器", "54 queue容器\54 queue容器.vcxproj", "{64996E32-534D-49B4-9A55-75D01EF06E4F}"
EndProject
Project("{8BC9CEB8-8B4A-11D0-8D11-00A0C91BC942}") = "56 list容器", "56 list容器\56 list容器.vcxproj", "{CDE39BEA-3F18-49B2-9B43-595F37032F28}"
EndProject
Project("{8BC9CEB8-8B4A-11D0-8D11-00A0C91BC942}") = "62 set multiset容器", "62 set multiset容器\62 set multiset容器.vcxproj", "{EB9CDB32-340C-4262-9C54-61995794969F}"
EndProject
Project("{8BC9CEB8-8B4A-11D0-8D11-00A0C91BC942}") = "63 pair对组", "63 pair对组\63 pair对组.vcxproj", "{268435A1-6BBD-47C7-BA63-F86ECD85C7D6}"
EndProject
Global
	GlobalSection(SolutionConfigurationPlatforms) = preSolution
		Debug|x64 = Debug|x64
		Debug|x86 = Debug|x86
		Release|x64 = Release|x64
		Release|x86 = Release|x86
	EndGlobalSection
	GlobalSection(ProjectConfigurationPlatforms) = postSolution
		{452567EE-C15A-4328-BD70-7B3D7AEBE3CE}.Debug|x64.ActiveCfg = Debug|x64
		{452567EE-C15A-4328-BD70-7B3D7AEBE3CE}.Debug|x64.Build.0 = Debug|x64
		{452567EE-C15A-4328-BD70-7B3D7AEBE3CE}.Debug|x86.ActiveCfg = Debug|Win32
		{452567EE-C15A-4328-BD70-7B3D7AEBE3CE}.Debug|x86.Build.0 = Debug|Win32
		{452567EE-C15A-4328-BD70-7B3D7AEBE3CE}.Release|x64.ActiveCfg = Release|x64
		{452567EE-C15A-4328-BD70-7B3D7AEBE3CE}.Release|x64.Build.0 = Release|x64
		{452567EE-C15A-4328-BD70-7B3D7AEBE3CE}.Release|x86.ActiveCfg = Release|Win32
		{452567EE-C15A-4328-BD70-7B3D7AEBE3CE}.Release|x86.Build.0 = Release|Win32
		{82F891E3-A31D-4AD4-96FC-CE97943AF82F}.Debug|x64.ActiveCfg = Debug|x64
		{82F891E3-A31D-4AD4-96FC-CE97943AF82F}.Debug|x64.Build.0 = Debug|x64
		{82F891E3-A31D-4AD4-96FC-CE97943AF82F}.Debug|x86.ActiveCfg = Debug|Win32
		{82F891E3-A31D-4AD4-96FC-CE97943AF82F}.Debug|x86.Build.0 = Debug|Win32
		{82F891E3-A31D-4AD4-96FC-CE97943AF82F}.Release|x64.ActiveCfg = Release|x64
		{82F891E3-A31D-4AD4-96FC-CE97943AF82F}.Release|x64.Build.0 = Release|x64
		{82F891E3-A31D-4AD4-96FC-CE97943AF82F}.Release|x86.ActiveCfg = Release|Win32
		{82F891E3-A31D-4AD4-96FC-CE97943AF82F}.Release|x86.Build.0 = Release|Win32
		{FF9DF285-99CD-4AD5-8487-0A89632E5FC6}.Debug|x64.ActiveCfg = Debug|x64
		{FF9DF285-99CD-4AD5-8487-0A89632E5FC6}.Debug|x64.Build.0 = Debug|x64
		{FF9DF285-99CD-4AD5-8487-0A89632E5FC6}.Debug|x86.ActiveCfg = Debug|Win32
		{FF9DF285-99CD-4AD5-8487-0A89632E5FC6}.Debug|x86.Build.0 = Debug|Win32
		{FF9DF285-99CD-4AD5-8487-0A89632E5FC6}.Release|x64.ActiveCfg = Release|x64
		{FF9DF285-99CD-4AD5-8487-0A89632E5FC6}.Release|x64.Build.0 = Release|x64
		{FF9DF285-99CD-4AD5-8487-0A89632E5FC6}.Release|x86.ActiveCfg = Release|Win32
		{FF9DF285-99CD-4AD5-8487-0A89632E5FC6}.Release|x86.Build.0 = Release|Win32
		{F10E8914-C4A9-42BB-91DD-E7B7BADF8125}.Debug|x64.ActiveCfg = Debug|x64
		{F10E8914-C4A9-42BB-91DD-E7B7BADF8125}.Debug|x64.Build.0 = Debug|x64
		{F10E8914-C4A9-42BB-91DD-E7B7BADF8125}.Debug|x86.ActiveCfg = Debug|Win32
		{F10E8914-C4A9-42BB-91DD-E7B7BADF8125}.Debug|x86.Build.0 = Debug|Win32
		{F10E8914-C4A9-42BB-91DD-E7B7BADF8125}.Release|x64.ActiveCfg = Release|x64
		{F10E8914-C4A9-42BB-91DD-E7B7BADF8125}.Release|x64.Build.0 = Release|x64
		{F10E8914-C4A9-42BB-91DD-E7B7BADF8125}.Release|x86.ActiveCfg = Release|Win32
		{F10E8914-C4A9-42BB-91DD-E7B7BADF8125}.Release|x86.Build.0 = Release|Win32
		{ECA8C750-9344-4092-BE30-DE3277671EE9}.Debug|x64.ActiveCfg = Debug|x64
		{ECA8C750-9344-4092-BE30-DE3277671EE9}.Debug|x64.Build.0 = Debug|x64
		{ECA8C750-9344-4092-BE30-DE3277671EE9}.Debug|x86.ActiveCfg = Debug|Win32
		{ECA8C750-9344-4092-BE30-DE3277671EE9}.Debug|x86.Build.0 = Debug|Win32
		{ECA8C750-9344-4092-BE30-DE3277671EE9}.Release|x64.ActiveCfg = Release|x64
		{ECA8C750-9344-4092-BE30-DE3277671EE9}.Release|x64.Build.0 = Release|x64
		{ECA8C750-9344-4092-BE30-DE3277671EE9}.Release|x86.ActiveCfg = Release|Win32
		{ECA8C750-9344-4092-BE30-DE3277671EE9}.Release|x86.Build.0 = Release|Win32
		{2E512B9E-E13B-4C27-9198-F2E4350E6AB0}.Debug|x64.ActiveCfg = Debug|x64
		{2E512B9E-E13B-4C27-9198-F2E4350E6AB0}.Debug|x64.Build.0 = Debug|x64
		{2E512B9E-E13B-4C27-9198-F2E4350E6AB0}.Debug|x86.ActiveCfg = Debug|Win32
		{2E512B9E-E13B-4C27-9198-F2E4350E6AB0}.Debug|x86.Build.0 = Debug|Win32
		{2E512B9E-E13B-4C27-9198-F2E4350E6AB0}.Release|x64.ActiveCfg = Release|x64
		{2E512B9E-E13B-4C27-9198-F2E4350E6AB0}.Release|x64.Build.0 = Release|x64
		{2E512B9E-E13B-4C27-9198-F2E4350E6AB0}.Release|x86.ActiveCfg = Release|Win32
		{2E512B9E-E13B-4C27-9198-F2E4350E6AB0}.Release|x86.Build.0 = Release|Win32
		{4F6D7751-D031-4AD6-AA6C-5019DEBF4AC8}.Debug|x64.ActiveCfg = Debug|x64
		{4F6D7751-D031-4AD6-AA6C-5019DEBF4AC8}.Debug|x64.Build.0 = Debug|x64
		{4F6D7751-D031-4AD6-AA6C-5019DEBF4AC8}.Debug|x86.ActiveCfg = Debug|Win32
		{4F6D7751-D031-4AD6-AA6C-5019DEBF4AC8}.Debug|x86.Build.0 = Debug|Win32
		{4F6D7751-D031-4AD6-AA6C-5019DEBF4AC8}.Release|x64.ActiveCfg = Release|x64
		{4F6D7751-D031-4AD6-AA6C-5019DEBF4AC8}.Release|x64.Build.0 = Release|x64
		{4F6D7751-D031-4AD6-AA6C-5019DEBF4AC8}.Release|x86.ActiveCfg = Release|Win32
		{4F6D7751-D031-4AD6-AA6C-5019DEBF4AC8}.Release|x86.Build.0 = Release|Win32
		{6FF4FB29-FC12-414A-9D11-CE9DEB22F6BF}.Debug|x64.ActiveCfg = Debug|x64
		{6FF4FB29-FC12-414A-9D11-CE9DEB22F6BF}.Debug|x64.Build.0 = Debug|x64
		{6FF4FB29-FC12-414A-9D11-CE9DEB22F6BF}.Debug|x86.ActiveCfg = Debug|Win32
		{6FF4FB29-FC12-414A-9D11-CE9DEB22F6BF}.Debug|x86.Build.0 = Debug|Win32
		{6FF4FB29-FC12-414A-9D11-CE9DEB22F6BF}.Release|x64.ActiveCfg = Release|x64
		{6FF4FB29-FC12-414A-9D11-CE9DEB22F6BF}.Release|x64.Build.0 = Release|x64
		{6FF4FB29-FC12-414A-9D11-CE9DEB22F6BF}.Release|x86.ActiveCfg = Release|Win32
		{6FF4FB29-FC12-414A-9D11-CE9DEB22F6BF}.Release|x86.Build.0 = Release|Win32
		{E29EFDB9-083C-4E34-9066-1AA34DA2E58E}.Debug|x64.ActiveCfg = Debug|x64
		{E29EFDB9-083C-4E34-9066-1AA34DA2E58E}.Debug|x64.Build.0 = Debug|x64
		{E29EFDB9-083C-4E34-9066-1AA34DA2E58E}.Debug|x86.ActiveCfg = Debug|Win32
		{E29EFDB9-083C-4E34-9066-1AA34DA2E58E}.Debug|x86.Build.0 = Debug|Win32
		{E29EFDB9-083C-4E34-9066-1AA34DA2E58E}.Release|x64.ActiveCfg = Release|x64
		{E29EFDB9-083C-4E34-9066-1AA34DA2E58E}.Release|x64.Build.0 = Release|x64
		{E29EFDB9-083C-4E34-9066-1AA34DA2E58E}.Release|x86.ActiveCfg = Release|Win32
		{E29EFDB9-083C-4E34-9066-1AA34DA2E58E}.Release|x86.Build.0 = Release|Win32
		{983D73F3-043C-467D-84A2-DD9C107A5CF7}.Debug|x64.ActiveCfg = Debug|x64
		{983D73F3-043C-467D-84A2-DD9C107A5CF7}.Debug|x64.Build.0 = Debug|x64
		{983D73F3-043C-467D-84A2-DD9C107A5CF7}.Debug|x86.ActiveCfg = Debug|Win32
		{983D73F3-043C-467D-84A2-DD9C107A5CF7}.Debug|x86.Build.0 = Debug|Win32
		{983D73F3-043C-467D-84A2-DD9C107A5CF7}.Release|x64.ActiveCfg = Release|x64
		{983D73F3-043C-467D-84A2-DD9C107A5CF7}.Release|x64.Build.0 = Release|x64
		{983D73F3-043C-467D-84A2-DD9C107A5CF7}.Release|x86.ActiveCfg = Release|Win32
		{983D73F3-043C-467D-84A2-DD9C107A5CF7}.Release|x86.Build.0 = Release|Win32
		{0103C594-F4F8-45F8-BA97-CEFA9843BA89}.Debug|x64.ActiveCfg = Debug|x64
		{0103C594-F4F8-45F8-BA97-CEFA9843BA89}.Debug|x64.Build.0 = Debug|x64
		{0103C594-F4F8-45F8-BA97-CEFA9843BA89}.Debug|x86.ActiveCfg = Debug|Win32
		{0103C594-F4F8-45F8-BA97-CEFA9843BA89}.Debug|x86.Build.0 = Debug|Win32
		{0103C594-F4F8-45F8-BA97-CEFA9843BA89}.Release|x64.ActiveCfg = Release|x64
		{0103C594-F4F8-45F8-BA97-CEFA9843BA89}.Release|x64.Build.0 = Release|x64
		{0103C594-F4F8-45F8-BA97-CEFA9843BA89}.Release|x86.ActiveCfg = Release|Win32
		{0103C594-F4F8-45F8-BA97-CEFA9843BA89}.Release|x86.Build.0 = Release|Win32
		{29512B3E-6B8E-495B-B22A-3859B40E8E11}.Debug|x64.ActiveCfg = Debug|x64
		{29512B3E-6B8E-495B-B22A-3859B40E8E11}.Debug|x64.Build.0 = Debug|x64
		{29512B3E-6B8E-495B-B22A-3859B40E8E11}.Debug|x86.ActiveCfg = Debug|Win32
		{29512B3E-6B8E-495B-B22A-3859B40E8E11}.Debug|x86.Build.0 = Debug|Win32
		{29512B3E-6B8E-495B-B22A-3859B40E8E11}.Release|x64.ActiveCfg = Release|x64
		{29512B3E-6B8E-495B-B22A-3859B40E8E11}.Release|x64.Build.0 = Release|x64
		{29512B3E-6B8E-495B-B22A-3859B40E8E11}.Release|x86.ActiveCfg = Release|Win32
		{29512B3E-6B8E-495B-B22A-3859B40E8E11}.Release|x86.Build.0 = Release|Win32
		{56E36E75-DBEA-47B0-88FE-8F27198A0BD6}.Debug|x64.ActiveCfg = Debug|x64
		{56E36E75-DBEA-47B0-88FE-8F27198A0BD6}.Debug|x64.Build.0 = Debug|x64
		{56E36E75-DBEA-47B0-88FE-8F27198A0BD6}.Debug|x86.ActiveCfg = Debug|Win32
		{56E36E75-DBEA-47B0-88FE-8F27198A0BD6}.Debug|x86.Build.0 = Debug|Win32
		{56E36E75-DBEA-47B0-88FE-8F27198A0BD6}.Release|x64.ActiveCfg = Release|x64
		{56E36E75-DBEA-47B0-88FE-8F27198A0BD6}.Release|x64.Build.0 = Release|x64
		{56E36E75-DBEA-47B0-88FE-8F27198A0BD6}.Release|x86.ActiveCfg = Release|Win32
		{56E36E75-DBEA-47B0-88FE-8F27198A0BD6}.Release|x86.Build.0 = Release|Win32
		{98AD3132-EA68-4B72-9F51-8584478A09E3}.Debug|x64.ActiveCfg = Debug|x64
		{98AD3132-EA68-4B72-9F51-8584478A09E3}.Debug|x64.Build.0 = Debug|x64
		{98AD3132-EA68-4B72-9F51-8584478A09E3}.Debug|x86.ActiveCfg = Debug|Win32
		{98AD3132-EA68-4B72-9F51-8584478A09E3}.Debug|x86.Build.0 = Debug|Win32
		{98AD3132-EA68-4B72-9F51-8584478A09E3}.Release|x64.ActiveCfg = Release|x64
		{98AD3132-EA68-4B72-9F51-8584478A09E3}.Release|x64.Build.0 = Release|x64
		{98AD3132-EA68-4B72-9F51-8584478A09E3}.Release|x86.ActiveCfg = Release|Win32
		{98AD3132-EA68-4B72-9F51-8584478A09E3}.Release|x86.Build.0 = Release|Win32
		{2AAEC557-57A3-4463-95CD-E2AFF3B8A3AE}.Debug|x64.ActiveCfg = Debug|x64
		{2AAEC557-57A3-4463-95CD-E2AFF3B8A3AE}.Debug|x64.Build.0 = Debug|x64
		{2AAEC557-57A3-4463-95CD-E2AFF3B8A3AE}.Debug|x86.ActiveCfg = Debug|Win32
		{2AAEC557-57A3-4463-95CD-E2AFF3B8A3AE}.Debug|x86.Build.0 = Debug|Win32
		{2AAEC557-57A3-4463-95CD-E2AFF3B8A3AE}.Release|x64.ActiveCfg = Release|x64
		{2AAEC557-57A3-4463-95CD-E2AFF3B8A3AE}.Release|x64.Build.0 = Release|x64
		{2AAEC557-57A3-4463-95CD-E2AFF3B8A3AE}.Release|x86.ActiveCfg = Release|Win32
		{2AAEC557-57A3-4463-95CD-E2AFF3B8A3AE}.Release|x86.Build.0 = Release|Win32
		{E84A2A4E-12EE-47D6-8129-B45E5201A68F}.Debug|x64.ActiveCfg = Debug|x64
		{E84A2A4E-12EE-47D6-8129-B45E5201A68F}.Debug|x64.Build.0 = Debug|x64
		{E84A2A4E-12EE-47D6-8129-B45E5201A68F}.Debug|x86.ActiveCfg = Debug|Win32
		{E84A2A4E-12EE-47D6-8129-B45E5201A68F}.Debug|x86.Build.0 = Debug|Win32
		{E84A2A4E-12EE-47D6-8129-B45E5201A68F}.Release|x64.ActiveCfg = Release|x64
		{E84A2A4E-12EE-47D6-8129-B45E5201A68F}.Release|x64.Build.0 = Release|x64
		{E84A2A4E-12EE-47D6-8129-B45E5201A68F}.Release|x86.ActiveCfg = Release|Win32
		{E84A2A4E-12EE-47D6-8129-B45E5201A68F}.Release|x86.Build.0 = Release|Win32
		{88BE1655-EDFC-4EF6-8ABA-006B57382DB1}.Debug|x64.ActiveCfg = Debug|x64
		{88BE1655-EDFC-4EF6-8ABA-006B57382DB1}.Debug|x64.Build.0 = Debug|x64
		{88BE1655-EDFC-4EF6-8ABA-006B57382DB1}.Debug|x86.ActiveCfg = Debug|Win32
		{88BE1655-EDFC-4EF6-8ABA-006B57382DB1}.Debug|x86.Build.0 = Debug|Win32
		{88BE1655-EDFC-4EF6-8ABA-006B57382DB1}.Release|x64.ActiveCfg = Release|x64
		{88BE1655-EDFC-4EF6-8ABA-006B57382DB1}.Release|x64.Build.0 = Release|x64
		{88BE1655-EDFC-4EF6-8ABA-006B57382DB1}.Release|x86.ActiveCfg = Release|Win32
		{88BE1655-EDFC-4EF6-8ABA-006B57382DB1}.Release|x86.Build.0 = Release|Win32
		{D744A66A-166C-4400-90F1-D019EE783B34}.Debug|x64.ActiveCfg = Debug|x64
		{D744A66A-166C-4400-90F1-D019EE783B34}.Debug|x64.Build.0 = Debug|x64
		{D744A66A-166C-4400-90F1-D019EE783B34}.Debug|x86.ActiveCfg = Debug|Win32
		{D744A66A-166C-4400-90F1-D019EE783B34}.Debug|x86.Build.0 = Debug|Win32
		{D744A66A-166C-4400-90F1-D019EE783B34}.Release|x64.ActiveCfg = Release|x64
		{D744A66A-166C-4400-90F1-D019EE783B34}.Release|x64.Build.0 = Release|x64
		{D744A66A-166C-4400-90F1-D019EE783B34}.Release|x86.ActiveCfg = Release|Win32
		{D744A66A-166C-4400-90F1-D019EE783B34}.Release|x86.Build.0 = Release|Win32
		{2EA7F433-038F-409C-A1B8-66A8BC598090}.Debug|x64.ActiveCfg = Debug|x64
		{2EA7F433-038F-409C-A1B8-66A8BC598090}.Debug|x64.Build.0 = Debug|x64
		{2EA7F433-038F-409C-A1B8-66A8BC598090}.Debug|x86.ActiveCfg = Debug|Win32
		{2EA7F433-038F-409C-A1B8-66A8BC598090}.Debug|x86.Build.0 = Debug|Win32
		{2EA7F433-038F-409C-A1B8-66A8BC598090}.Release|x64.ActiveCfg = Release|x64
		{2EA7F433-038F-409C-A1B8-66A8BC598090}.Release|x64.Build.0 = Release|x64
		{2EA7F433-038F-409C-A1B8-66A8BC598090}.Release|x86.ActiveCfg = Release|Win32
		{2EA7F433-038F-409C-A1B8-66A8BC598090}.Release|x86.Build.0 = Release|Win32
		{2EEDC60C-406C-485B-8F4C-A29930E4942A}.Debug|x64.ActiveCfg = Debug|x64
		{2EEDC60C-406C-485B-8F4C-A29930E4942A}.Debug|x64.Build.0 = Debug|x64
		{2EEDC60C-406C-485B-8F4C-A29930E4942A}.Debug|x86.ActiveCfg = Debug|Win32
		{2EEDC60C-406C-485B-8F4C-A29930E4942A}.Debug|x86.Build.0 = Debug|Win32
		{2EEDC60C-406C-485B-8F4C-A29930E4942A}.Release|x64.ActiveCfg = Release|x64
		{2EEDC60C-406C-485B-8F4C-A29930E4942A}.Release|x64.Build.0 = Release|x64
		{2EEDC60C-406C-485B-8F4C-A29930E4942A}.Release|x86.ActiveCfg = Release|Win32
		{2EEDC60C-406C-485B-8F4C-A29930E4942A}.Release|x86.Build.0 = Release|Win32
		{D7058AB5-1533-44AC-B78E-508F9EE68EF0}.Debug|x64.ActiveCfg = Debug|x64
		{D7058AB5-1533-44AC-B78E-508F9EE68EF0}.Debug|x64.Build.0 = Debug|x64
		{D7058AB5-1533-44AC-B78E-508F9EE68EF0}.Debug|x86.ActiveCfg = Debug|Win32
		{D7058AB5-1533-44AC-B78E-508F9EE68EF0}.Debug|x86.Build.0 = Debug|Win32
		{D7058AB5-1533-44AC-B78E-508F9EE68EF0}.Release|x64.ActiveCfg = Release|x64
		{D7058AB5-1533-44AC-B78E-508F9EE68EF0}.Release|x64.Build.0 = Release|x64
		{D7058AB5-1533-44AC-B78E-508F9EE68EF0}.Release|x86.ActiveCfg = Release|Win32
		{D7058AB5-1533-44AC-B78E-508F9EE68EF0}.Release|x86.Build.0 = Release|Win32
		{54459382-8C96-4B03-8492-36DA195B79AB}.Debug|x64.ActiveCfg = Debug|x64
		{54459382-8C96-4B03-8492-36DA195B79AB}.Debug|x64.Build.0 = Debug|x64
		{54459382-8C96-4B03-8492-36DA195B79AB}.Debug|x86.ActiveCfg = Debug|Win32
		{54459382-8C96-4B03-8492-36DA195B79AB}.Debug|x86.Build.0 = Debug|Win32
		{54459382-8C96-4B03-8492-36DA195B79AB}.Release|x64.ActiveCfg = Release|x64
		{54459382-8C96-4B03-8492-36DA195B79AB}.Release|x64.Build.0 = Release|x64
		{54459382-8C96-4B03-8492-36DA195B79AB}.Release|x86.ActiveCfg = Release|Win32
		{54459382-8C96-4B03-8492-36DA195B79AB}.Release|x86.Build.0 = Release|Win32
		{2EB1CF95-C851-4289-A5DF-219813C603E4}.Debug|x64.ActiveCfg = Debug|x64
		{2EB1CF95-C851-4289-A5DF-219813C603E4}.Debug|x64.Build.0 = Debug|x64
		{2EB1CF95-C851-4289-A5DF-219813C603E4}.Debug|x86.ActiveCfg = Debug|Win32
		{2EB1CF95-C851-4289-A5DF-219813C603E4}.Debug|x86.Build.0 = Debug|Win32
		{2EB1CF95-C851-4289-A5DF-219813C603E4}.Release|x64.ActiveCfg = Release|x64
		{2EB1CF95-C851-4289-A5DF-219813C603E4}.Release|x64.Build.0 = Release|x64
		{2EB1CF95-C851-4289-A5DF-219813C603E4}.Release|x86.ActiveCfg = Release|Win32
		{2EB1CF95-C851-4289-A5DF-219813C603E4}.Release|x86.Build.0 = Release|Win32
		{409B1A0F-DB2A-4A74-BBFD-1B407BFFC171}.Debug|x64.ActiveCfg = Debug|x64
		{409B1A0F-DB2A-4A74-BBFD-1B407BFFC171}.Debug|x64.Build.0 = Debug|x64
		{409B1A0F-DB2A-4A74-BBFD-1B407BFFC171}.Debug|x86.ActiveCfg = Debug|Win32
		{409B1A0F-DB2A-4A74-BBFD-1B407BFFC171}.Debug|x86.Build.0 = Debug|Win32
		{409B1A0F-DB2A-4A74-BBFD-1B407BFFC171}.Release|x64.ActiveCfg = Release|x64
		{409B1A0F-DB2A-4A74-BBFD-1B407BFFC171}.Release|x64.Build.0 = Release|x64
		{409B1A0F-DB2A-4A74-BBFD-1B407BFFC171}.Release|x86.ActiveCfg = Release|Win32
		{409B1A0F-DB2A-4A74-BBFD-1B407BFFC171}.Release|x86.Build.0 = Release|Win32
		{1DBE455B-5177-43F1-9F99-AD2DC882067C}.Debug|x64.ActiveCfg = Debug|x64
		{1DBE455B-5177-43F1-9F99-AD2DC882067C}.Debug|x64.Build.0 = Debug|x64
		{1DBE455B-5177-43F1-9F99-AD2DC882067C}.Debug|x86.ActiveCfg = Debug|Win32
		{1DBE455B-5177-43F1-9F99-AD2DC882067C}.Debug|x86.Build.0 = Debug|Win32
		{1DBE455B-5177-43F1-9F99-AD2DC882067C}.Release|x64.ActiveCfg = Release|x64
		{1DBE455B-5177-43F1-9F99-AD2DC882067C}.Release|x64.Build.0 = Release|x64
		{1DBE455B-5177-43F1-9F99-AD2DC882067C}.Release|x86.ActiveCfg = Release|Win32
		{1DBE455B-5177-43F1-9F99-AD2DC882067C}.Release|x86.Build.0 = Release|Win32
		{194CD95D-6D22-4AC8-94AF-514570339DE5}.Debug|x64.ActiveCfg = Debug|x64
		{194CD95D-6D22-4AC8-94AF-514570339DE5}.Debug|x64.Build.0 = Debug|x64
		{194CD95D-6D22-4AC8-94AF-514570339DE5}.Debug|x86.ActiveCfg = Debug|Win32
		{194CD95D-6D22-4AC8-94AF-514570339DE5}.Debug|x86.Build.0 = Debug|Win32
		{194CD95D-6D22-4AC8-94AF-514570339DE5}.Release|x64.ActiveCfg = Release|x64
		{194CD95D-6D22-4AC8-94AF-514570339DE5}.Release|x64.Build.0 = Release|x64
		{194CD95D-6D22-4AC8-94AF-514570339DE5}.Release|x86.ActiveCfg = Release|Win32
		{194CD95D-6D22-4AC8-94AF-514570339DE5}.Release|x86.Build.0 = Release|Win32
		{89C1A763-D728-48F8-A5DE-628E90C73ED6}.Debug|x64.ActiveCfg = Debug|x64
		{89C1A763-D728-48F8-A5DE-628E90C73ED6}.Debug|x64.Build.0 = Debug|x64
		{89C1A763-D728-48F8-A5DE-628E90C73ED6}.Debug|x86.ActiveCfg = Debug|Win32
		{89C1A763-D728-48F8-A5DE-628E90C73ED6}.Debug|x86.Build.0 = Debug|Win32
		{89C1A763-D728-48F8-A5DE-628E90C73ED6}.Release|x64.ActiveCfg = Release|x64
		{89C1A763-D728-48F8-A5DE-628E90C73ED6}.Release|x64.Build.0 = Release|x64
		{89C1A763-D728-48F8-A5DE-628E90C73ED6}.Release|x86.ActiveCfg = Release|Win32
		{89C1A763-D728-48F8-A5DE-628E90C73ED6}.Release|x86.Build.0 = Release|Win32
		{64996E32-534D-49B4-9A55-75D01EF06E4F}.Debug|x64.ActiveCfg = Debug|x64
		{64996E32-534D-49B4-9A55-75D01EF06E4F}.Debug|x64.Build.0 = Debug|x64
		{64996E32-534D-49B4-9A55-75D01EF06E4F}.Debug|x86.ActiveCfg = Debug|Win32
		{64996E32-534D-49B4-9A55-75D01EF06E4F}.Debug|x86.Build.0 = Debug|Win32
		{64996E32-534D-49B4-9A55-75D01EF06E4F}.Release|x64.ActiveCfg = Release|x64
		{64996E32-534D-49B4-9A55-75D01EF06E4F}.Release|x64.Build.0 = Release|x64
		{64996E32-534D-49B4-9A55-75D01EF06E4F}.Release|x86.ActiveCfg = Release|Win32
		{64996E32-534D-49B4-9A55-75D01EF06E4F}.Release|x86.Build.0 = Release|Win32
		{CDE39BEA-3F18-49B2-9B43-595F37032F28}.Debug|x64.ActiveCfg = Debug|x64
		{CDE39BEA-3F18-49B2-9B43-595F37032F28}.Debug|x64.Build.0 = Debug|x64
		{CDE39BEA-3F18-49B2-9B43-595F37032F28}.Debug|x86.ActiveCfg = Debug|Win32
		{CDE39BEA-3F18-49B2-9B43-595F37032F28}.Debug|x86.Build.0 = Debug|Win32
		{CDE39BEA-3F18-49B2-9B43-595F37032F28}.Release|x64.ActiveCfg = Release|x64
		{CDE39BEA-3F18-49B2-9B43-595F37032F28}.Release|x64.Build.0 = Release|x64
		{CDE39BEA-3F18-49B2-9B43-595F37032F28}.Release|x86.ActiveCfg = Release|Win32
		{CDE39BEA-3F18-49B2-9B43-595F37032F28}.Release|x86.Build.0 = Release|Win32
		{EB9CDB32-340C-4262-9C54-61995794969F}.Debug|x64.ActiveCfg = Debug|x64
		{EB9CDB32-340C-4262-9C54-61995794969F}.Debug|x64.Build.0 = Debug|x64
		{EB9CDB32-340C-4262-9C54-61995794969F}.Debug|x86.ActiveCfg = Debug|Win32
		{EB9CDB32-340C-4262-9C54-61995794969F}.Debug|x86.Build.0 = Debug|Win32
		{EB9CDB32-340C-4262-9C54-61995794969F}.Release|x64.ActiveCfg = Release|x64
		{EB9CDB32-340C-4262-9C54-61995794969F}.Release|x64.Build.0 = Release|x64
		{EB9CDB32-340C-4262-9C54-61995794969F}.Release|x86.ActiveCfg = Release|Win32
		{EB9CDB32-340C-4262-9C54-61995794969F}.Release|x86.Build.0 = Release|Win32
		{268435A1-6BBD-47C7-BA63-F86ECD85C7D6}.Debug|x64.ActiveCfg = Debug|x64
		{268435A1-6BBD-47C7-BA63-F86ECD85C7D6}.Debug|x64.Build.0 = Debug|x64
		{268435A1-6BBD-47C7-BA63-F86ECD85C7D6}.Debug|x86.ActiveCfg = Debug|Win32
		{268435A1-6BBD-47C7-BA63-F86ECD85C7D6}.Debug|x86.Build.0 = Debug|Win32
		{268435A1-6BBD-47C7-BA63-F86ECD85C7D6}.Release|x64.ActiveCfg = Release|x64
		{268435A1-6BBD-47C7-BA63-F86ECD85C7D6}.Release|x64.Build.0 = Release|x64
		{268435A1-6BBD-47C7-BA63-F86ECD85C7D6}.Release|x86.ActiveCfg = Release|Win32
		{268435A1-6BBD-47C7-BA63-F86ECD85C7D6}.Release|x86.Build.0 = Release|Win32
	EndGlobalSection
	GlobalSection(SolutionProperties) = preSolution
		HideSolutionNode = FALSE
	EndGlobalSection
	GlobalSection(ExtensibilityGlobals) = postSolution
		SolutionGuid = {900E28DE-AE64-48AD-B152-B15ADF37D085}
	EndGlobalSection
EndGlobal
