
Microsoft Visual Studio Solution File, Format Version 12.00
# Visual Studio Version 16
VisualStudioVersion = 16.0.32428.217
MinimumVisualStudioVersion = 10.0.40219.1
Project("{8BC9CEB8-8B4A-11D0-8D11-00A0C91BC942}") = "13 开闭原则", "13 开闭原则\13 开闭原则.vcxproj", "{320317AB-E9C0-4CB1-B286-52D067ADC9A3}"
EndProject
Project("{8BC9CEB8-8B4A-11D0-8D11-00A0C91BC942}") = "14 迪米特法则", "14 迪米特法则\14 迪米特法则.vcxproj", "{D7C69BEB-934C-4B45-A2F1-FB8C8371FF23}"
EndProject
Project("{8BC9CEB8-8B4A-11D0-8D11-00A0C91BC942}") = "15 合成复用原则", "15 合成复用原则\15 合成复用原则.vcxproj", "{7A68AD9E-7963-4442-BF38-5DB95F099D3E}"
EndProject
Project("{8BC9CEB8-8B4A-11D0-8D11-00A0C91BC942}") = "17 依赖倒转原则", "17 依赖倒转原则\17 依赖倒转原则.vcxproj", "{DCC979A6-A1EB-4ADC-B122-7812ED75C8A8}"
EndProject
Project("{8BC9CEB8-8B4A-11D0-8D11-00A0C91BC942}") = "19 简单工厂模式", "19 简单工厂模式\19 简单工厂模式.vcxproj", "{4E6AB24F-743E-419A-9CDB-4458A8DA16F0}"
EndProject
Project("{8BC9CEB8-8B4A-11D0-8D11-00A0C91BC942}") = "20 工厂方法模式", "20 工厂方法模式\20 工厂方法模式.vcxproj", "{40031882-9F2E-439F-9D37-474EDF739C67}"
EndProject
Project("{8BC9CEB8-8B4A-11D0-8D11-00A0C91BC942}") = "22 抽象工厂模式", "22 抽象工厂模式\22 抽象工厂模式.vcxproj", "{1443C36C-8767-452E-9FFD-0EA6F0EA77B1}"
EndProject
Project("{8BC9CEB8-8B4A-11D0-8D11-00A0C91BC942}") = "23 单例模式", "23 单例模式\23 单例模式.vcxproj", "{0DA8436A-F4DE-4ED0-818E-69B1AF99D4ED}"
EndProject
Project("{8BC9CEB8-8B4A-11D0-8D11-00A0C91BC942}") = "28 代理模式", "28 代理模式\28 代理模式.vcxproj", "{95410F93-BE88-4844-95C9-4149D743DD03}"
EndProject
Project("{8BC9CEB8-8B4A-11D0-8D11-00A0C91BC942}") = "33 外观模式案例", "33 外观模式案例\33 外观模式案例.vcxproj", "{6318ADF3-E748-4D6D-AF52-8311E575E9D3}"
EndProject
Project("{8BC9CEB8-8B4A-11D0-8D11-00A0C91BC942}") = "34 适配器模式", "34 适配器模式\34 适配器模式.vcxproj", "{707F3650-37F0-4F96-9DF0-5CB4EDC7C2D4}"
EndProject
Project("{8BC9CEB8-8B4A-11D0-8D11-00A0C91BC942}") = "35 模板方法模式", "35 模板方法模式\35 模板方法模式.vcxproj", "{CB297073-7671-4F0C-AF92-ABA96B7EC082}"
EndProject
Project("{8BC9CEB8-8B4A-11D0-8D11-00A0C91BC942}") = "36 策略模式", "36 策略模式\36 策略模式.vcxproj", "{F7E5FD1D-7A11-4FF1-8019-542C22AE0D38}"
EndProject
Project("{8BC9CEB8-8B4A-11D0-8D11-00A0C91BC942}") = "37 命令模式", "37 命令模式\37 命令模式.vcxproj", "{6A1E95B8-F5E0-4D3E-818E-813A6318E563}"
EndProject
Project("{8BC9CEB8-8B4A-11D0-8D11-00A0C91BC942}") = "38 观察者模式", "38 观察者模式\38 观察者模式.vcxproj", "{E7754FD4-FD8A-4E36-84AD-3BDF5FE6371D}"
EndProject
Project("{8BC9CEB8-8B4A-11D0-8D11-00A0C91BC942}") = "39 装饰器模式", "39 装饰器模式\39 装饰器模式.vcxproj", "{C5D36BE8-8C76-4731-8606-10BFDD0BE0D2}"
EndProject
Global
	GlobalSection(SolutionConfigurationPlatforms) = preSolution
		Debug|x64 = Debug|x64
		Debug|x86 = Debug|x86
		Release|x64 = Release|x64
		Release|x86 = Release|x86
	EndGlobalSection
	GlobalSection(ProjectConfigurationPlatforms) = postSolution
		{320317AB-E9C0-4CB1-B286-52D067ADC9A3}.Debug|x64.ActiveCfg = Debug|x64
		{320317AB-E9C0-4CB1-B286-52D067ADC9A3}.Debug|x64.Build.0 = Debug|x64
		{320317AB-E9C0-4CB1-B286-52D067ADC9A3}.Debug|x86.ActiveCfg = Debug|Win32
		{320317AB-E9C0-4CB1-B286-52D067ADC9A3}.Debug|x86.Build.0 = Debug|Win32
		{320317AB-E9C0-4CB1-B286-52D067ADC9A3}.Release|x64.ActiveCfg = Release|x64
		{320317AB-E9C0-4CB1-B286-52D067ADC9A3}.Release|x64.Build.0 = Release|x64
		{320317AB-E9C0-4CB1-B286-52D067ADC9A3}.Release|x86.ActiveCfg = Release|Win32
		{320317AB-E9C0-4CB1-B286-52D067ADC9A3}.Release|x86.Build.0 = Release|Win32
		{D7C69BEB-934C-4B45-A2F1-FB8C8371FF23}.Debug|x64.ActiveCfg = Debug|x64
		{D7C69BEB-934C-4B45-A2F1-FB8C8371FF23}.Debug|x64.Build.0 = Debug|x64
		{D7C69BEB-934C-4B45-A2F1-FB8C8371FF23}.Debug|x86.ActiveCfg = Debug|Win32
		{D7C69BEB-934C-4B45-A2F1-FB8C8371FF23}.Debug|x86.Build.0 = Debug|Win32
		{D7C69BEB-934C-4B45-A2F1-FB8C8371FF23}.Release|x64.ActiveCfg = Release|x64
		{D7C69BEB-934C-4B45-A2F1-FB8C8371FF23}.Release|x64.Build.0 = Release|x64
		{D7C69BEB-934C-4B45-A2F1-FB8C8371FF23}.Release|x86.ActiveCfg = Release|Win32
		{D7C69BEB-934C-4B45-A2F1-FB8C8371FF23}.Release|x86.Build.0 = Release|Win32
		{7A68AD9E-7963-4442-BF38-5DB95F099D3E}.Debug|x64.ActiveCfg = Debug|x64
		{7A68AD9E-7963-4442-BF38-5DB95F099D3E}.Debug|x64.Build.0 = Debug|x64
		{7A68AD9E-7963-4442-BF38-5DB95F099D3E}.Debug|x86.ActiveCfg = Debug|Win32
		{7A68AD9E-7963-4442-BF38-5DB95F099D3E}.Debug|x86.Build.0 = Debug|Win32
		{7A68AD9E-7963-4442-BF38-5DB95F099D3E}.Release|x64.ActiveCfg = Release|x64
		{7A68AD9E-7963-4442-BF38-5DB95F099D3E}.Release|x64.Build.0 = Release|x64
		{7A68AD9E-7963-4442-BF38-5DB95F099D3E}.Release|x86.ActiveCfg = Release|Win32
		{7A68AD9E-7963-4442-BF38-5DB95F099D3E}.Release|x86.Build.0 = Release|Win32
		{DCC979A6-A1EB-4ADC-B122-7812ED75C8A8}.Debug|x64.ActiveCfg = Debug|x64
		{DCC979A6-A1EB-4ADC-B122-7812ED75C8A8}.Debug|x64.Build.0 = Debug|x64
		{DCC979A6-A1EB-4ADC-B122-7812ED75C8A8}.Debug|x86.ActiveCfg = Debug|Win32
		{DCC979A6-A1EB-4ADC-B122-7812ED75C8A8}.Debug|x86.Build.0 = Debug|Win32
		{DCC979A6-A1EB-4ADC-B122-7812ED75C8A8}.Release|x64.ActiveCfg = Release|x64
		{DCC979A6-A1EB-4ADC-B122-7812ED75C8A8}.Release|x64.Build.0 = Release|x64
		{DCC979A6-A1EB-4ADC-B122-7812ED75C8A8}.Release|x86.ActiveCfg = Release|Win32
		{DCC979A6-A1EB-4ADC-B122-7812ED75C8A8}.Release|x86.Build.0 = Release|Win32
		{4E6AB24F-743E-419A-9CDB-4458A8DA16F0}.Debug|x64.ActiveCfg = Debug|x64
		{4E6AB24F-743E-419A-9CDB-4458A8DA16F0}.Debug|x64.Build.0 = Debug|x64
		{4E6AB24F-743E-419A-9CDB-4458A8DA16F0}.Debug|x86.ActiveCfg = Debug|Win32
		{4E6AB24F-743E-419A-9CDB-4458A8DA16F0}.Debug|x86.Build.0 = Debug|Win32
		{4E6AB24F-743E-419A-9CDB-4458A8DA16F0}.Release|x64.ActiveCfg = Release|x64
		{4E6AB24F-743E-419A-9CDB-4458A8DA16F0}.Release|x64.Build.0 = Release|x64
		{4E6AB24F-743E-419A-9CDB-4458A8DA16F0}.Release|x86.ActiveCfg = Release|Win32
		{4E6AB24F-743E-419A-9CDB-4458A8DA16F0}.Release|x86.Build.0 = Release|Win32
		{40031882-9F2E-439F-9D37-474EDF739C67}.Debug|x64.ActiveCfg = Debug|x64
		{40031882-9F2E-439F-9D37-474EDF739C67}.Debug|x64.Build.0 = Debug|x64
		{40031882-9F2E-439F-9D37-474EDF739C67}.Debug|x86.ActiveCfg = Debug|Win32
		{40031882-9F2E-439F-9D37-474EDF739C67}.Debug|x86.Build.0 = Debug|Win32
		{40031882-9F2E-439F-9D37-474EDF739C67}.Release|x64.ActiveCfg = Release|x64
		{40031882-9F2E-439F-9D37-474EDF739C67}.Release|x64.Build.0 = Release|x64
		{40031882-9F2E-439F-9D37-474EDF739C67}.Release|x86.ActiveCfg = Release|Win32
		{40031882-9F2E-439F-9D37-474EDF739C67}.Release|x86.Build.0 = Release|Win32
		{1443C36C-8767-452E-9FFD-0EA6F0EA77B1}.Debug|x64.ActiveCfg = Debug|x64
		{1443C36C-8767-452E-9FFD-0EA6F0EA77B1}.Debug|x64.Build.0 = Debug|x64
		{1443C36C-8767-452E-9FFD-0EA6F0EA77B1}.Debug|x86.ActiveCfg = Debug|Win32
		{1443C36C-8767-452E-9FFD-0EA6F0EA77B1}.Debug|x86.Build.0 = Debug|Win32
		{1443C36C-8767-452E-9FFD-0EA6F0EA77B1}.Release|x64.ActiveCfg = Release|x64
		{1443C36C-8767-452E-9FFD-0EA6F0EA77B1}.Release|x64.Build.0 = Release|x64
		{1443C36C-8767-452E-9FFD-0EA6F0EA77B1}.Release|x86.ActiveCfg = Release|Win32
		{1443C36C-8767-452E-9FFD-0EA6F0EA77B1}.Release|x86.Build.0 = Release|Win32
		{0DA8436A-F4DE-4ED0-818E-69B1AF99D4ED}.Debug|x64.ActiveCfg = Debug|x64
		{0DA8436A-F4DE-4ED0-818E-69B1AF99D4ED}.Debug|x64.Build.0 = Debug|x64
		{0DA8436A-F4DE-4ED0-818E-69B1AF99D4ED}.Debug|x86.ActiveCfg = Debug|Win32
		{0DA8436A-F4DE-4ED0-818E-69B1AF99D4ED}.Debug|x86.Build.0 = Debug|Win32
		{0DA8436A-F4DE-4ED0-818E-69B1AF99D4ED}.Release|x64.ActiveCfg = Release|x64
		{0DA8436A-F4DE-4ED0-818E-69B1AF99D4ED}.Release|x64.Build.0 = Release|x64
		{0DA8436A-F4DE-4ED0-818E-69B1AF99D4ED}.Release|x86.ActiveCfg = Release|Win32
		{0DA8436A-F4DE-4ED0-818E-69B1AF99D4ED}.Release|x86.Build.0 = Release|Win32
		{95410F93-BE88-4844-95C9-4149D743DD03}.Debug|x64.ActiveCfg = Debug|x64
		{95410F93-BE88-4844-95C9-4149D743DD03}.Debug|x64.Build.0 = Debug|x64
		{95410F93-BE88-4844-95C9-4149D743DD03}.Debug|x86.ActiveCfg = Debug|Win32
		{95410F93-BE88-4844-95C9-4149D743DD03}.Debug|x86.Build.0 = Debug|Win32
		{95410F93-BE88-4844-95C9-4149D743DD03}.Release|x64.ActiveCfg = Release|x64
		{95410F93-BE88-4844-95C9-4149D743DD03}.Release|x64.Build.0 = Release|x64
		{95410F93-BE88-4844-95C9-4149D743DD03}.Release|x86.ActiveCfg = Release|Win32
		{95410F93-BE88-4844-95C9-4149D743DD03}.Release|x86.Build.0 = Release|Win32
		{6318ADF3-E748-4D6D-AF52-8311E575E9D3}.Debug|x64.ActiveCfg = Debug|x64
		{6318ADF3-E748-4D6D-AF52-8311E575E9D3}.Debug|x64.Build.0 = Debug|x64
		{6318ADF3-E748-4D6D-AF52-8311E575E9D3}.Debug|x86.ActiveCfg = Debug|Win32
		{6318ADF3-E748-4D6D-AF52-8311E575E9D3}.Debug|x86.Build.0 = Debug|Win32
		{6318ADF3-E748-4D6D-AF52-8311E575E9D3}.Release|x64.ActiveCfg = Release|x64
		{6318ADF3-E748-4D6D-AF52-8311E575E9D3}.Release|x64.Build.0 = Release|x64
		{6318ADF3-E748-4D6D-AF52-8311E575E9D3}.Release|x86.ActiveCfg = Release|Win32
		{6318ADF3-E748-4D6D-AF52-8311E575E9D3}.Release|x86.Build.0 = Release|Win32
		{707F3650-37F0-4F96-9DF0-5CB4EDC7C2D4}.Debug|x64.ActiveCfg = Debug|x64
		{707F3650-37F0-4F96-9DF0-5CB4EDC7C2D4}.Debug|x64.Build.0 = Debug|x64
		{707F3650-37F0-4F96-9DF0-5CB4EDC7C2D4}.Debug|x86.ActiveCfg = Debug|Win32
		{707F3650-37F0-4F96-9DF0-5CB4EDC7C2D4}.Debug|x86.Build.0 = Debug|Win32
		{707F3650-37F0-4F96-9DF0-5CB4EDC7C2D4}.Release|x64.ActiveCfg = Release|x64
		{707F3650-37F0-4F96-9DF0-5CB4EDC7C2D4}.Release|x64.Build.0 = Release|x64
		{707F3650-37F0-4F96-9DF0-5CB4EDC7C2D4}.Release|x86.ActiveCfg = Release|Win32
		{707F3650-37F0-4F96-9DF0-5CB4EDC7C2D4}.Release|x86.Build.0 = Release|Win32
		{CB297073-7671-4F0C-AF92-ABA96B7EC082}.Debug|x64.ActiveCfg = Debug|x64
		{CB297073-7671-4F0C-AF92-ABA96B7EC082}.Debug|x64.Build.0 = Debug|x64
		{CB297073-7671-4F0C-AF92-ABA96B7EC082}.Debug|x86.ActiveCfg = Debug|Win32
		{CB297073-7671-4F0C-AF92-ABA96B7EC082}.Debug|x86.Build.0 = Debug|Win32
		{CB297073-7671-4F0C-AF92-ABA96B7EC082}.Release|x64.ActiveCfg = Release|x64
		{CB297073-7671-4F0C-AF92-ABA96B7EC082}.Release|x64.Build.0 = Release|x64
		{CB297073-7671-4F0C-AF92-ABA96B7EC082}.Release|x86.ActiveCfg = Release|Win32
		{CB297073-7671-4F0C-AF92-ABA96B7EC082}.Release|x86.Build.0 = Release|Win32
		{F7E5FD1D-7A11-4FF1-8019-542C22AE0D38}.Debug|x64.ActiveCfg = Debug|x64
		{F7E5FD1D-7A11-4FF1-8019-542C22AE0D38}.Debug|x64.Build.0 = Debug|x64
		{F7E5FD1D-7A11-4FF1-8019-542C22AE0D38}.Debug|x86.ActiveCfg = Debug|Win32
		{F7E5FD1D-7A11-4FF1-8019-542C22AE0D38}.Debug|x86.Build.0 = Debug|Win32
		{F7E5FD1D-7A11-4FF1-8019-542C22AE0D38}.Release|x64.ActiveCfg = Release|x64
		{F7E5FD1D-7A11-4FF1-8019-542C22AE0D38}.Release|x64.Build.0 = Release|x64
		{F7E5FD1D-7A11-4FF1-8019-542C22AE0D38}.Release|x86.ActiveCfg = Release|Win32
		{F7E5FD1D-7A11-4FF1-8019-542C22AE0D38}.Release|x86.Build.0 = Release|Win32
		{6A1E95B8-F5E0-4D3E-818E-813A6318E563}.Debug|x64.ActiveCfg = Debug|x64
		{6A1E95B8-F5E0-4D3E-818E-813A6318E563}.Debug|x64.Build.0 = Debug|x64
		{6A1E95B8-F5E0-4D3E-818E-813A6318E563}.Debug|x86.ActiveCfg = Debug|Win32
		{6A1E95B8-F5E0-4D3E-818E-813A6318E563}.Debug|x86.Build.0 = Debug|Win32
		{6A1E95B8-F5E0-4D3E-818E-813A6318E563}.Release|x64.ActiveCfg = Release|x64
		{6A1E95B8-F5E0-4D3E-818E-813A6318E563}.Release|x64.Build.0 = Release|x64
		{6A1E95B8-F5E0-4D3E-818E-813A6318E563}.Release|x86.ActiveCfg = Release|Win32
		{6A1E95B8-F5E0-4D3E-818E-813A6318E563}.Release|x86.Build.0 = Release|Win32
		{E7754FD4-FD8A-4E36-84AD-3BDF5FE6371D}.Debug|x64.ActiveCfg = Debug|x64
		{E7754FD4-FD8A-4E36-84AD-3BDF5FE6371D}.Debug|x64.Build.0 = Debug|x64
		{E7754FD4-FD8A-4E36-84AD-3BDF5FE6371D}.Debug|x86.ActiveCfg = Debug|Win32
		{E7754FD4-FD8A-4E36-84AD-3BDF5FE6371D}.Debug|x86.Build.0 = Debug|Win32
		{E7754FD4-FD8A-4E36-84AD-3BDF5FE6371D}.Release|x64.ActiveCfg = Release|x64
		{E7754FD4-FD8A-4E36-84AD-3BDF5FE6371D}.Release|x64.Build.0 = Release|x64
		{E7754FD4-FD8A-4E36-84AD-3BDF5FE6371D}.Release|x86.ActiveCfg = Release|Win32
		{E7754FD4-FD8A-4E36-84AD-3BDF5FE6371D}.Release|x86.Build.0 = Release|Win32
		{C5D36BE8-8C76-4731-8606-10BFDD0BE0D2}.Debug|x64.ActiveCfg = Debug|x64
		{C5D36BE8-8C76-4731-8606-10BFDD0BE0D2}.Debug|x64.Build.0 = Debug|x64
		{C5D36BE8-8C76-4731-8606-10BFDD0BE0D2}.Debug|x86.ActiveCfg = Debug|Win32
		{C5D36BE8-8C76-4731-8606-10BFDD0BE0D2}.Debug|x86.Build.0 = Debug|Win32
		{C5D36BE8-8C76-4731-8606-10BFDD0BE0D2}.Release|x64.ActiveCfg = Release|x64
		{C5D36BE8-8C76-4731-8606-10BFDD0BE0D2}.Release|x64.Build.0 = Release|x64
		{C5D36BE8-8C76-4731-8606-10BFDD0BE0D2}.Release|x86.ActiveCfg = Release|Win32
		{C5D36BE8-8C76-4731-8606-10BFDD0BE0D2}.Release|x86.Build.0 = Release|Win32
	EndGlobalSection
	GlobalSection(SolutionProperties) = preSolution
		HideSolutionNode = FALSE
	EndGlobalSection
	GlobalSection(ExtensibilityGlobals) = postSolution
		SolutionGuid = {67EF08BC-6396-4966-A7A4-F15CDD7D5F31}
	EndGlobalSection
EndGlobal
